
Microsoft Visual Studio Solution File, Format Version 12.00
# Visual Studio 2013
VisualStudioVersion = 12.0.31101.0
MinimumVisualStudioVersion = 10.0.40219.1
Project("{FAE04EC0-301F-11D3-BF4B-00C04F79EFBC}") = "CSharpVitamins.Tabulation", "CSharpVitamins.Tabulation.csproj", "{8ABF98A1-EC6E-4B34-B05C-B76D78C16456}"
EndProject
Project("{FAE04EC0-301F-11D3-BF4B-00C04F79EFBC}") = "CSharpVitamins.Tabulation.Tests", "..\CSharpVitamins.Tabulation.Tests\CSharpVitamins.Tabulation.Tests.csproj", "{7B2B65B2-44D1-4D5A-91A8-FC03B6795808}"
EndProject
Project("{2150E333-8FDC-42A3-9474-1A3956D46DE8}") = ".nuget", ".nuget", "{5091B268-5906-48F2-BC73-07F8A33D5902}"
	ProjectSection(SolutionItems) = preProject
		.nuget\nuget.config = .nuget\nuget.config
		.nuget\nuget.exe = .nuget\nuget.exe
		.nuget\nuget.targets = .nuget\nuget.targets
	EndProjectSection
EndProject
Global
	GlobalSection(SolutionConfigurationPlatforms) = preSolution
		Debug|Any CPU = Debug|Any CPU
		Release|Any CPU = Release|Any CPU
	EndGlobalSection
	GlobalSection(ProjectConfigurationPlatforms) = postSolution
		{8ABF98A1-EC6E-4B34-B05C-B76D78C16456}.Debug|Any CPU.ActiveCfg = Debug|Any CPU
		{8ABF98A1-EC6E-4B34-B05C-B76D78C16456}.Debug|Any CPU.Build.0 = Debug|Any CPU
		{8ABF98A1-EC6E-4B34-B05C-B76D78C16456}.Release|Any CPU.ActiveCfg = Release|Any CPU
		{8ABF98A1-EC6E-4B34-B05C-B76D78C16456}.Release|Any CPU.Build.0 = Release|Any CPU
		{7B2B65B2-44D1-4D5A-91A8-FC03B6795808}.Debug|Any CPU.ActiveCfg = Debug|Any CPU
		{7B2B65B2-44D1-4D5A-91A8-FC03B6795808}.Debug|Any CPU.Build.0 = Debug|Any CPU
		{7B2B65B2-44D1-4D5A-91A8-FC03B6795808}.Release|Any CPU.ActiveCfg = Release|Any CPU
		{7B2B65B2-44D1-4D5A-91A8-FC03B6795808}.Release|Any CPU.Build.0 = Release|Any CPU
	EndGlobalSection
	GlobalSection(SolutionProperties) = preSolution
		HideSolutionNode = FALSE
	EndGlobalSection
EndGlobal
